// !$*UTF8*$!
{
	archiveVersion = 1;
	classes = {
	};
	objectVersion = 46;
	objects = {

/* Begin PBXBuildFile section */
		44E8A264407F4C238925E0A8 /* libPods.a in Frameworks */ = {isa = PBXBuildFile; fileRef = C492C74DEDCF4E849F0842EE /* libPods.a */; };
		FA2A641118944ED600011699 /* Foundation.framework in Frameworks */ = {isa = PBXBuildFile; fileRef = FA2A641018944ED600011699 /* Foundation.framework */; };
		FA2A641318944ED600011699 /* CoreGraphics.framework in Frameworks */ = {isa = PBXBuildFile; fileRef = FA2A641218944ED600011699 /* CoreGraphics.framework */; };
		FA2A641518944ED600011699 /* UIKit.framework in Frameworks */ = {isa = PBXBuildFile; fileRef = FA2A641418944ED600011699 /* UIKit.framework */; };
		FA2A641B18944ED600011699 /* InfoPlist.strings in Resources */ = {isa = PBXBuildFile; fileRef = FA2A641918944ED600011699 /* InfoPlist.strings */; };
		FA2A641D18944ED600011699 /* main.m in Sources */ = {isa = PBXBuildFile; fileRef = FA2A641C18944ED600011699 /* main.m */; };
		FA2A642118944ED600011699 /* AppDelegate.m in Sources */ = {isa = PBXBuildFile; fileRef = FA2A642018944ED600011699 /* AppDelegate.m */; };
		FA2A642418944ED600011699 /* Main.storyboard in Resources */ = {isa = PBXBuildFile; fileRef = FA2A642218944ED600011699 /* Main.storyboard */; };
		FA2A642718944ED600011699 /* ViewController.m in Sources */ = {isa = PBXBuildFile; fileRef = FA2A642618944ED600011699 /* ViewController.m */; };
		FA2A642918944ED600011699 /* Images.xcassets in Resources */ = {isa = PBXBuildFile; fileRef = FA2A642818944ED600011699 /* Images.xcassets */; };
		FA2A643018944ED700011699 /* XCTest.framework in Frameworks */ = {isa = PBXBuildFile; fileRef = FA2A642F18944ED700011699 /* XCTest.framework */; };
		FA2A643118944ED700011699 /* Foundation.framework in Frameworks */ = {isa = PBXBuildFile; fileRef = FA2A641018944ED600011699 /* Foundation.framework */; };
		FA2A643218944ED700011699 /* UIKit.framework in Frameworks */ = {isa = PBXBuildFile; fileRef = FA2A641418944ED600011699 /* UIKit.framework */; };
		FA2A643A18944ED700011699 /* InfoPlist.strings in Resources */ = {isa = PBXBuildFile; fileRef = FA2A643818944ED700011699 /* InfoPlist.strings */; };
		FA2A643C18944ED700011699 /* PocketCrunchTests.m in Sources */ = {isa = PBXBuildFile; fileRef = FA2A643B18944ED700011699 /* PocketCrunchTests.m */; };
		FA2A644818946FFC00011699 /* CrunchBaseClient.m in Sources */ = {isa = PBXBuildFile; fileRef = FA2A644718946FFC00011699 /* CrunchBaseClient.m */; };
/* End PBXBuildFile section */

/* Begin PBXContainerItemProxy section */
		FA2A643318944ED700011699 /* PBXContainerItemProxy */ = {
			isa = PBXContainerItemProxy;
			containerPortal = FA2A640518944ED600011699 /* Project object */;
			proxyType = 1;
			remoteGlobalIDString = FA2A640C18944ED600011699;
			remoteInfo = PocketCrunch;
		};
/* End PBXContainerItemProxy section */

/* Begin PBXFileReference section */
		8EAC5D3E1A3D48A38B739DCF /* Pods.xcconfig */ = {isa = PBXFileReference; includeInIndex = 1; lastKnownFileType = text.xcconfig; name = Pods.xcconfig; path = Pods/Pods.xcconfig; sourceTree = SOURCE_ROOT; };
		C492C74DEDCF4E849F0842EE /* libPods.a */ = {isa = PBXFileReference; explicitFileType = archive.ar; includeInIndex = 0; path = libPods.a; sourceTree = BUILT_PRODUCTS_DIR; };
		FA2A640D18944ED600011699 /* PocketCrunch.app */ = {isa = PBXFileReference; explicitFileType = wrapper.application; includeInIndex = 0; path = PocketCrunch.app; sourceTree = BUILT_PRODUCTS_DIR; };
		FA2A641018944ED600011699 /* Foundation.framework */ = {isa = PBXFileReference; lastKnownFileType = wrapper.framework; name = Foundation.framework; path = System/Library/Frameworks/Foundation.framework; sourceTree = SDKROOT; };
		FA2A641218944ED600011699 /* CoreGraphics.framework */ = {isa = PBXFileReference; lastKnownFileType = wrapper.framework; name = CoreGraphics.framework; path = System/Library/Frameworks/CoreGraphics.framework; sourceTree = SDKROOT; };
		FA2A641418944ED600011699 /* UIKit.framework */ = {isa = PBXFileReference; lastKnownFileType = wrapper.framework; name = UIKit.framework; path = System/Library/Frameworks/UIKit.framework; sourceTree = SDKROOT; };
		FA2A641818944ED600011699 /* PocketCrunch-Info.plist */ = {isa = PBXFileReference; lastKnownFileType = text.plist.xml; path = "PocketCrunch-Info.plist"; sourceTree = "<group>"; };
		FA2A641A18944ED600011699 /* en */ = {isa = PBXFileReference; lastKnownFileType = text.plist.strings; name = en; path = en.lproj/InfoPlist.strings; sourceTree = "<group>"; };
		FA2A641C18944ED600011699 /* main.m */ = {isa = PBXFileReference; lastKnownFileType = sourcecode.c.objc; path = main.m; sourceTree = "<group>"; };
		FA2A641E18944ED600011699 /* PocketCrunch-Prefix.pch */ = {isa = PBXFileReference; lastKnownFileType = sourcecode.c.h; path = "PocketCrunch-Prefix.pch"; sourceTree = "<group>"; };
		FA2A641F18944ED600011699 /* AppDelegate.h */ = {isa = PBXFileReference; lastKnownFileType = sourcecode.c.h; path = AppDelegate.h; sourceTree = "<group>"; };
		FA2A642018944ED600011699 /* AppDelegate.m */ = {isa = PBXFileReference; lastKnownFileType = sourcecode.c.objc; path = AppDelegate.m; sourceTree = "<group>"; };
		FA2A642318944ED600011699 /* Base */ = {isa = PBXFileReference; lastKnownFileType = file.storyboard; name = Base; path = Base.lproj/Main.storyboard; sourceTree = "<group>"; };
		FA2A642518944ED600011699 /* ViewController.h */ = {isa = PBXFileReference; lastKnownFileType = sourcecode.c.h; path = ViewController.h; sourceTree = "<group>"; };
		FA2A642618944ED600011699 /* ViewController.m */ = {isa = PBXFileReference; lastKnownFileType = sourcecode.c.objc; path = ViewController.m; sourceTree = "<group>"; };
		FA2A642818944ED600011699 /* Images.xcassets */ = {isa = PBXFileReference; lastKnownFileType = folder.assetcatalog; path = Images.xcassets; sourceTree = "<group>"; };
		FA2A642E18944ED700011699 /* PocketCrunchTests.xctest */ = {isa = PBXFileReference; explicitFileType = wrapper.cfbundle; includeInIndex = 0; path = PocketCrunchTests.xctest; sourceTree = BUILT_PRODUCTS_DIR; };
		FA2A642F18944ED700011699 /* XCTest.framework */ = {isa = PBXFileReference; lastKnownFileType = wrapper.framework; name = XCTest.framework; path = Library/Frameworks/XCTest.framework; sourceTree = DEVELOPER_DIR; };
		FA2A643718944ED700011699 /* PocketCrunchTests-Info.plist */ = {isa = PBXFileReference; lastKnownFileType = text.plist.xml; path = "PocketCrunchTests-Info.plist"; sourceTree = "<group>"; };
		FA2A643918944ED700011699 /* en */ = {isa = PBXFileReference; lastKnownFileType = text.plist.strings; name = en; path = en.lproj/InfoPlist.strings; sourceTree = "<group>"; };
		FA2A643B18944ED700011699 /* PocketCrunchTests.m */ = {isa = PBXFileReference; lastKnownFileType = sourcecode.c.objc; path = PocketCrunchTests.m; sourceTree = "<group>"; };
		FA2A644618946FFC00011699 /* CrunchBaseClient.h */ = {isa = PBXFileReference; fileEncoding = 4; lastKnownFileType = sourcecode.c.h; path = CrunchBaseClient.h; sourceTree = "<group>"; };
		FA2A644718946FFC00011699 /* CrunchBaseClient.m */ = {isa = PBXFileReference; fileEncoding = 4; lastKnownFileType = sourcecode.c.objc; path = CrunchBaseClient.m; sourceTree = "<group>"; };
/* End PBXFileReference section */

/* Begin PBXFrameworksBuildPhase section */
		FA2A640A18944ED600011699 /* Frameworks */ = {
			isa = PBXFrameworksBuildPhase;
			buildActionMask = 2147483647;
			files = (
				FA2A641318944ED600011699 /* CoreGraphics.framework in Frameworks */,
				FA2A641518944ED600011699 /* UIKit.framework in Frameworks */,
				FA2A641118944ED600011699 /* Foundation.framework in Frameworks */,
				44E8A264407F4C238925E0A8 /* libPods.a in Frameworks */,
			);
			runOnlyForDeploymentPostprocessing = 0;
		};
		FA2A642B18944ED700011699 /* Frameworks */ = {
			isa = PBXFrameworksBuildPhase;
			buildActionMask = 2147483647;
			files = (
				FA2A643018944ED700011699 /* XCTest.framework in Frameworks */,
				FA2A643218944ED700011699 /* UIKit.framework in Frameworks */,
				FA2A643118944ED700011699 /* Foundation.framework in Frameworks */,
			);
			runOnlyForDeploymentPostprocessing = 0;
		};
/* End PBXFrameworksBuildPhase section */

/* Begin PBXGroup section */
		FA2A640418944ED600011699 = {
			isa = PBXGroup;
			children = (
				FA2A641618944ED600011699 /* PocketCrunch */,
				FA2A643518944ED700011699 /* PocketCrunchTests */,
				FA2A640F18944ED600011699 /* Frameworks */,
				FA2A640E18944ED600011699 /* Products */,
				8EAC5D3E1A3D48A38B739DCF /* Pods.xcconfig */,
			);
			sourceTree = "<group>";
		};
		FA2A640E18944ED600011699 /* Products */ = {
			isa = PBXGroup;
			children = (
				FA2A640D18944ED600011699 /* PocketCrunch.app */,
				FA2A642E18944ED700011699 /* PocketCrunchTests.xctest */,
			);
			name = Products;
			sourceTree = "<group>";
		};
		FA2A640F18944ED600011699 /* Frameworks */ = {
			isa = PBXGroup;
			children = (
				FA2A641018944ED600011699 /* Foundation.framework */,
				FA2A641218944ED600011699 /* CoreGraphics.framework */,
				FA2A641418944ED600011699 /* UIKit.framework */,
				FA2A642F18944ED700011699 /* XCTest.framework */,
				C492C74DEDCF4E849F0842EE /* libPods.a */,
			);
			name = Frameworks;
			sourceTree = "<group>";
		};
		FA2A641618944ED600011699 /* PocketCrunch */ = {
			isa = PBXGroup;
			children = (
				FA2A644518946F9700011699 /* Crunchbase */,
				FA2A641F18944ED600011699 /* AppDelegate.h */,
				FA2A642018944ED600011699 /* AppDelegate.m */,
				FA2A642218944ED600011699 /* Main.storyboard */,
				FA2A642518944ED600011699 /* ViewController.h */,
				FA2A642618944ED600011699 /* ViewController.m */,
				FA2A642818944ED600011699 /* Images.xcassets */,
				FA2A641718944ED600011699 /* Supporting Files */,
			);
			path = PocketCrunch;
			sourceTree = "<group>";
		};
		FA2A641718944ED600011699 /* Supporting Files */ = {
			isa = PBXGroup;
			children = (
				FA2A641818944ED600011699 /* PocketCrunch-Info.plist */,
				FA2A641918944ED600011699 /* InfoPlist.strings */,
				FA2A641C18944ED600011699 /* main.m */,
				FA2A641E18944ED600011699 /* PocketCrunch-Prefix.pch */,
			);
			name = "Supporting Files";
			sourceTree = "<group>";
		};
		FA2A643518944ED700011699 /* PocketCrunchTests */ = {
			isa = PBXGroup;
			children = (
				FA2A643B18944ED700011699 /* PocketCrunchTests.m */,
				FA2A643618944ED700011699 /* Supporting Files */,
			);
			path = PocketCrunchTests;
			sourceTree = "<group>";
		};
		FA2A643618944ED700011699 /* Supporting Files */ = {
			isa = PBXGroup;
			children = (
				FA2A643718944ED700011699 /* PocketCrunchTests-Info.plist */,
				FA2A643818944ED700011699 /* InfoPlist.strings */,
			);
			name = "Supporting Files";
			sourceTree = "<group>";
		};
		FA2A644518946F9700011699 /* Crunchbase */ = {
			isa = PBXGroup;
			children = (
				FA2A644618946FFC00011699 /* CrunchBaseClient.h */,
				FA2A644718946FFC00011699 /* CrunchBaseClient.m */,
			);
			name = Crunchbase;
			sourceTree = "<group>";
		};
/* End PBXGroup section */

/* Begin PBXNativeTarget section */
		FA2A640C18944ED600011699 /* PocketCrunch */ = {
			isa = PBXNativeTarget;
			buildConfigurationList = FA2A643F18944ED700011699 /* Build configuration list for PBXNativeTarget "PocketCrunch" */;
			buildPhases = (
				30F1AE83A6D5485B88109701 /* Check Pods Manifest.lock */,
				FA2A640918944ED600011699 /* Sources */,
				FA2A640A18944ED600011699 /* Frameworks */,
				FA2A640B18944ED600011699 /* Resources */,
				AC7F0A386B3D4BC5911BF01D /* Copy Pods Resources */,
			);
			buildRules = (
			);
			dependencies = (
			);
			name = PocketCrunch;
			productName = PocketCrunch;
			productReference = FA2A640D18944ED600011699 /* PocketCrunch.app */;
			productType = "com.apple.product-type.application";
		};
		FA2A642D18944ED700011699 /* PocketCrunchTests */ = {
			isa = PBXNativeTarget;
			buildConfigurationList = FA2A644218944ED700011699 /* Build configuration list for PBXNativeTarget "PocketCrunchTests" */;
			buildPhases = (
				FA2A642A18944ED700011699 /* Sources */,
				FA2A642B18944ED700011699 /* Frameworks */,
				FA2A642C18944ED700011699 /* Resources */,
			);
			buildRules = (
			);
			dependencies = (
				FA2A643418944ED700011699 /* PBXTargetDependency */,
			);
			name = PocketCrunchTests;
			productName = PocketCrunchTests;
			productReference = FA2A642E18944ED700011699 /* PocketCrunchTests.xctest */;
			productType = "com.apple.product-type.bundle.unit-test";
		};
/* End PBXNativeTarget section */

/* Begin PBXProject section */
		FA2A640518944ED600011699 /* Project object */ = {
			isa = PBXProject;
			attributes = {
				LastUpgradeCheck = 0500;
				ORGANIZATIONNAME = "Anish Basu";
				TargetAttributes = {
					FA2A642D18944ED700011699 = {
						TestTargetID = FA2A640C18944ED600011699;
					};
				};
			};
			buildConfigurationList = FA2A640818944ED600011699 /* Build configuration list for PBXProject "PocketCrunch" */;
			compatibilityVersion = "Xcode 3.2";
			developmentRegion = English;
			hasScannedForEncodings = 0;
			knownRegions = (
				en,
				Base,
			);
			mainGroup = FA2A640418944ED600011699;
			productRefGroup = FA2A640E18944ED600011699 /* Products */;
			projectDirPath = "";
			projectRoot = "";
			targets = (
				FA2A640C18944ED600011699 /* PocketCrunch */,
				FA2A642D18944ED700011699 /* PocketCrunchTests */,
			);
		};
/* End PBXProject section */

/* Begin PBXResourcesBuildPhase section */
		FA2A640B18944ED600011699 /* Resources */ = {
			isa = PBXResourcesBuildPhase;
			buildActionMask = 2147483647;
			files = (
				FA2A642918944ED600011699 /* Images.xcassets in Resources */,
				FA2A641B18944ED600011699 /* InfoPlist.strings in Resources */,
				FA2A642418944ED600011699 /* Main.storyboard in Resources */,
			);
			runOnlyForDeploymentPostprocessing = 0;
		};
		FA2A642C18944ED700011699 /* Resources */ = {
			isa = PBXResourcesBuildPhase;
			buildActionMask = 2147483647;
			files = (
				FA2A643A18944ED700011699 /* InfoPlist.strings in Resources */,
			);
			runOnlyForDeploymentPostprocessing = 0;
		};
/* End PBXResourcesBuildPhase section */

/* Begin PBXShellScriptBuildPhase section */
		30F1AE83A6D5485B88109701 /* Check Pods Manifest.lock */ = {
			isa = PBXShellScriptBuildPhase;
			buildActionMask = 2147483647;
			files = (
			);
			inputPaths = (
			);
			name = "Check Pods Manifest.lock";
			outputPaths = (
			);
			runOnlyForDeploymentPostprocessing = 0;
			shellPath = /bin/sh;
			shellScript = "diff \"${PODS_ROOT}/../Podfile.lock\" \"${PODS_ROOT}/Manifest.lock\" > /dev/null\nif [[ $? != 0 ]] ; then\n    cat << EOM\nerror: The sandbox is not in sync with the Podfile.lock. Run 'pod install' or update your CocoaPods installation.\nEOM\n    exit 1\nfi\n";
			showEnvVarsInLog = 0;
		};
		AC7F0A386B3D4BC5911BF01D /* Copy Pods Resources */ = {
			isa = PBXShellScriptBuildPhase;
			buildActionMask = 2147483647;
			files = (
			);
			inputPaths = (
			);
			name = "Copy Pods Resources";
			outputPaths = (
			);
			runOnlyForDeploymentPostprocessing = 0;
			shellPath = /bin/sh;
			shellScript = "\"${SRCROOT}/Pods/Pods-resources.sh\"\n";
			showEnvVarsInLog = 0;
		};
/* End PBXShellScriptBuildPhase section */

/* Begin PBXSourcesBuildPhase section */
		FA2A640918944ED600011699 /* Sources */ = {
			isa = PBXSourcesBuildPhase;
			buildActionMask = 2147483647;
			files = (
				FA2A642718944ED600011699 /* ViewController.m in Sources */,
				FA2A642118944ED600011699 /* AppDelegate.m in Sources */,
				FA2A644818946FFC00011699 /* CrunchBaseClient.m in Sources */,
				FA2A641D18944ED600011699 /* main.m in Sources */,
			);
			runOnlyForDeploymentPostprocessing = 0;
		};
		FA2A642A18944ED700011699 /* Sources */ = {
			isa = PBXSourcesBuildPhase;
			buildActionMask = 2147483647;
			files = (
				FA2A643C18944ED700011699 /* PocketCrunchTests.m in Sources */,
			);
			runOnlyForDeploymentPostprocessing = 0;
		};
/* End PBXSourcesBuildPhase section */

/* Begin PBXTargetDependency section */
		FA2A643418944ED700011699 /* PBXTargetDependency */ = {
			isa = PBXTargetDependency;
			target = FA2A640C18944ED600011699 /* PocketCrunch */;
			targetProxy = FA2A643318944ED700011699 /* PBXContainerItemProxy */;
		};
/* End PBXTargetDependency section */

/* Begin PBXVariantGroup section */
		FA2A641918944ED600011699 /* InfoPlist.strings */ = {
			isa = PBXVariantGroup;
			children = (
				FA2A641A18944ED600011699 /* en */,
			);
			name = InfoPlist.strings;
			sourceTree = "<group>";
		};
		FA2A642218944ED600011699 /* Main.storyboard */ = {
			isa = PBXVariantGroup;
			children = (
				FA2A642318944ED600011699 /* Base */,
			);
			name = Main.storyboard;
			sourceTree = "<group>";
		};
		FA2A643818944ED700011699 /* InfoPlist.strings */ = {
			isa = PBXVariantGroup;
			children = (
				FA2A643918944ED700011699 /* en */,
			);
			name = InfoPlist.strings;
			sourceTree = "<group>";
		};
/* End PBXVariantGroup section */

/* Begin XCBuildConfiguration section */
		FA2A643D18944ED700011699 /* Debug */ = {
			isa = XCBuildConfiguration;
			buildSettings = {
				ALWAYS_SEARCH_USER_PATHS = NO;
				ARCHS = "$(ARCHS_STANDARD_INCLUDING_64_BIT)";
				CLANG_CXX_LANGUAGE_STANDARD = "gnu++0x";
				CLANG_CXX_LIBRARY = "libc++";
				CLANG_ENABLE_MODULES = YES;
				CLANG_ENABLE_OBJC_ARC = YES;
				CLANG_WARN_BOOL_CONVERSION = YES;
				CLANG_WARN_CONSTANT_CONVERSION = YES;
				CLANG_WARN_DIRECT_OBJC_ISA_USAGE = YES_ERROR;
				CLANG_WARN_EMPTY_BODY = YES;
				CLANG_WARN_ENUM_CONVERSION = YES;
				CLANG_WARN_INT_CONVERSION = YES;
				CLANG_WARN_OBJC_ROOT_CLASS = YES_ERROR;
				CLANG_WARN__DUPLICATE_METHOD_MATCH = YES;
				"CODE_SIGN_IDENTITY[sdk=iphoneos*]" = "iPhone Developer";
				COPY_PHASE_STRIP = NO;
				GCC_C_LANGUAGE_STANDARD = gnu99;
				GCC_DYNAMIC_NO_PIC = NO;
				GCC_OPTIMIZATION_LEVEL = 0;
				GCC_PREPROCESSOR_DEFINITIONS = (
					"DEBUG=1",
					"$(inherited)",
				);
				GCC_SYMBOLS_PRIVATE_EXTERN = NO;
				GCC_WARN_64_TO_32_BIT_CONVERSION = YES;
				GCC_WARN_ABOUT_RETURN_TYPE = YES_ERROR;
				GCC_WARN_UNDECLARED_SELECTOR = YES;
				GCC_WARN_UNINITIALIZED_AUTOS = YES;
				GCC_WARN_UNUSED_FUNCTION = YES;
				GCC_WARN_UNUSED_VARIABLE = YES;
				IPHONEOS_DEPLOYMENT_TARGET = 7.0;
				ONLY_ACTIVE_ARCH = YES;
				SDKROOT = iphoneos;
			};
			name = Debug;
		};
		FA2A643E18944ED700011699 /* Release */ = {
			isa = XCBuildConfiguration;
			buildSettings = {
				ALWAYS_SEARCH_USER_PATHS = NO;
				ARCHS = "$(ARCHS_STANDARD_INCLUDING_64_BIT)";
				CLANG_CXX_LANGUAGE_STANDARD = "gnu++0x";
				CLANG_CXX_LIBRARY = "libc++";
				CLANG_ENABLE_MODULES = YES;
				CLANG_ENABLE_OBJC_ARC = YES;
				CLANG_WARN_BOOL_CONVERSION = YES;
				CLANG_WARN_CONSTANT_CONVERSION = YES;
				CLANG_WARN_DIRECT_OBJC_ISA_USAGE = YES_ERROR;
				CLANG_WARN_EMPTY_BODY = YES;
				CLANG_WARN_ENUM_CONVERSION = YES;
				CLANG_WARN_INT_CONVERSION = YES;
				CLANG_WARN_OBJC_ROOT_CLASS = YES_ERROR;
				CLANG_WARN__DUPLICATE_METHOD_MATCH = YES;
				"CODE_SIGN_IDENTITY[sdk=iphoneos*]" = "iPhone Developer";
				COPY_PHASE_STRIP = YES;
				ENABLE_NS_ASSERTIONS = NO;
				GCC_C_LANGUAGE_STANDARD = gnu99;
				GCC_WARN_64_TO_32_BIT_CONVERSION = YES;
				GCC_WARN_ABOUT_RETURN_TYPE = YES_ERROR;
				GCC_WARN_UNDECLARED_SELECTOR = YES;
				GCC_WARN_UNINITIALIZED_AUTOS = YES;
				GCC_WARN_UNUSED_FUNCTION = YES;
				GCC_WARN_UNUSED_VARIABLE = YES;
				IPHONEOS_DEPLOYMENT_TARGET = 7.0;
				SDKROOT = iphoneos;
				VALIDATE_PRODUCT = YES;
			};
			name = Release;
		};
		FA2A644018944ED700011699 /* Debug */ = {
			isa = XCBuildConfiguration;
			baseConfigurationReference = 8EAC5D3E1A3D48A38B739DCF /* Pods.xcconfig */;
			buildSettings = {
				ASSETCATALOG_COMPILER_APPICON_NAME = AppIcon;
				ASSETCATALOG_COMPILER_LAUNCHIMAGE_NAME = LaunchImage;
				CODE_SIGN_IDENTITY = "iPhone Developer";
				GCC_PRECOMPILE_PREFIX_HEADER = YES;
				GCC_PREFIX_HEADER = "PocketCrunch/PocketCrunch-Prefix.pch";
				INFOPLIST_FILE = "PocketCrunch/PocketCrunch-Info.plist";
				PRODUCT_NAME = "$(TARGET_NAME)";
				WRAPPER_EXTENSION = app;
			};
			name = Debug;
		};
		FA2A644118944ED700011699 /* Release */ = {
			isa = XCBuildConfiguration;
			baseConfigurationReference = 8EAC5D3E1A3D48A38B739DCF /* Pods.xcconfig */;
			buildSettings = {
				ASSETCATALOG_COMPILER_APPICON_NAME = AppIcon;
				ASSETCATALOG_COMPILER_LAUNCHIMAGE_NAME = LaunchImage;
				CODE_SIGN_IDENTITY = "iPhone Developer";
				GCC_PRECOMPILE_PREFIX_HEADER = YES;
				GCC_PREFIX_HEADER = "PocketCrunch/PocketCrunch-Prefix.pch";
				INFOPLIST_FILE = "PocketCrunch/PocketCrunch-Info.plist";
				PRODUCT_NAME = "$(TARGET_NAME)";
				WRAPPER_EXTENSION = app;
			};
			name = Release;
		};
		FA2A644318944ED700011699 /* Debug */ = {
			isa = XCBuildConfiguration;
			buildSettings = {
				ARCHS = "$(ARCHS_STANDARD_INCLUDING_64_BIT)";
				BUNDLE_LOADER = "$(BUILT_PRODUCTS_DIR)/PocketCrunch.app/PocketCrunch";
				FRAMEWORK_SEARCH_PATHS = (
					"$(SDKROOT)/Developer/Library/Frameworks",
					"$(inherited)",
					"$(DEVELOPER_FRAMEWORKS_DIR)",
				);
				GCC_PRECOMPILE_PREFIX_HEADER = YES;
				GCC_PREFIX_HEADER = "PocketCrunch/PocketCrunch-Prefix.pch";
				GCC_PREPROCESSOR_DEFINITIONS = (
					"DEBUG=1",
					"$(inherited)",
				);
				INFOPLIST_FILE = "PocketCrunchTests/PocketCrunchTests-Info.plist";
				PRODUCT_NAME = "$(TARGET_NAME)";
				TEST_HOST = "$(BUNDLE_LOADER)";
				WRAPPER_EXTENSION = xctest;
			};
			name = Debug;
		};
		FA2A644418944ED700011699 /* Release */ = {
			isa = XCBuildConfiguration;
			buildSettings = {
				ARCHS = "$(ARCHS_STANDARD_INCLUDING_64_BIT)";
				BUNDLE_LOADER = "$(BUILT_PRODUCTS_DIR)/PocketCrunch.app/PocketCrunch";
				FRAMEWORK_SEARCH_PATHS = (
					"$(SDKROOT)/Developer/Library/Frameworks",
					"$(inherited)",
					"$(DEVELOPER_FRAMEWORKS_DIR)",
				);
				GCC_PRECOMPILE_PREFIX_HEADER = YES;
				GCC_PREFIX_HEADER = "PocketCrunch/PocketCrunch-Prefix.pch";
				INFOPLIST_FILE = "PocketCrunchTests/PocketCrunchTests-Info.plist";
				PRODUCT_NAME = "$(TARGET_NAME)";
				TEST_HOST = "$(BUNDLE_LOADER)";
				WRAPPER_EXTENSION = xctest;
			};
			name = Release;
		};
/* End XCBuildConfiguration section */

/* Begin XCConfigurationList section */
		FA2A640818944ED600011699 /* Build configuration list for PBXProject "PocketCrunch" */ = {
			isa = XCConfigurationList;
			buildConfigurations = (
				FA2A643D18944ED700011699 /* Debug */,
				FA2A643E18944ED700011699 /* Release */,
			);
			defaultConfigurationIsVisible = 0;
			defaultConfigurationName = Release;
		};
		FA2A643F18944ED700011699 /* Build configuration list for PBXNativeTarget "PocketCrunch" */ = {
			isa = XCConfigurationList;
			buildConfigurations = (
				FA2A644018944ED700011699 /* Debug */,
				FA2A644118944ED700011699 /* Release */,
			);
			defaultConfigurationIsVisible = 0;
			defaultConfigurationName = Release;
		};
		FA2A644218944ED700011699 /* Build configuration list for PBXNativeTarget "PocketCrunchTests" */ = {
			isa = XCConfigurationList;
			buildConfigurations = (
				FA2A644318944ED700011699 /* Debug */,
				FA2A644418944ED700011699 /* Release */,
			);
			defaultConfigurationIsVisible = 0;
			defaultConfigurationName = Release;
		};
/* End XCConfigurationList section */
	};
	rootObject = FA2A640518944ED600011699 /* Project object */;
}
